
Microsoft Visual Studio Solution File, Format Version 11.00
# Visual Studio 2010
Project("{FAE04EC0-301F-11D3-BF4B-00C04F79EFBC}") = "LoggingDemo", "LoggingDemo.csproj", "{913EB2BA-DD88-499E-BC5A-A1CC146787AD}"
EndProject
Global
	GlobalSection(SolutionConfigurationPlatforms) = preSolution
		Debug|x86 = Debug|x86
		Release|x86 = Release|x86
	EndGlobalSection
	GlobalSection(ProjectConfigurationPlatforms) = postSolution
		{913EB2BA-DD88-499E-BC5A-A1CC146787AD}.Debug|x86.ActiveCfg = Debug|x86
		{913EB2BA-DD88-499E-BC5A-A1CC146787AD}.Debug|x86.Build.0 = Debug|x86
		{913EB2BA-DD88-499E-BC5A-A1CC146787AD}.Release|x86.ActiveCfg = Release|x86
		{913EB2BA-DD88-499E-BC5A-A1CC146787AD}.Release|x86.Build.0 = Release|x86
	EndGlobalSection
	GlobalSection(SolutionProperties) = preSolution
		HideSolutionNode = FALSE
	EndGlobalSection
EndGlobal
