
Microsoft Visual Studio Solution File, Format Version 11.00
# Visual Studio 2010
Project("{2150E333-8FDC-42A3-9474-1A3956D46DE8}") = "Before", "Before", "{B8249E62-1A17-45B7-9D92-92D068BA0760}"
EndProject
Project("{2150E333-8FDC-42A3-9474-1A3956D46DE8}") = "After", "After", "{D587BC2F-364F-4C48-BEF9-19ABD7A0D75F}"
EndProject
Project("{2150E333-8FDC-42A3-9474-1A3956D46DE8}") = "Common", "Common", "{B0616219-7124-46BE-BAA2-6C1FA88702D8}"
EndProject
Project("{FAE04EC0-301F-11D3-BF4B-00C04F79EFBC}") = "Approval1", "After1\Approval1.csproj", "{FA0CD261-3B44-4A04-B29B-A056E786418D}"
EndProject
Project("{FAE04EC0-301F-11D3-BF4B-00C04F79EFBC}") = "Approval", "Before\Approval.csproj", "{18043FEE-14C0-4C69-86FE-41D19000B70A}"
EndProject
Project("{FAE04EC0-301F-11D3-BF4B-00C04F79EFBC}") = "ApprovalCommon", "Common\ApprovalCommon.csproj", "{9EC053CF-6BC7-42D6-A428-80A52D46389A}"
EndProject
Project("{FAE04EC0-301F-11D3-BF4B-00C04F79EFBC}") = "Poker", "Poker\Poker.csproj", "{2945BCA0-2301-4261-9F14-950A065B9761}"
EndProject
Project("{2150E333-8FDC-42A3-9474-1A3956D46DE8}") = "Poker", "Poker", "{7A4A4D88-7CBA-4144-AE58-E4D8BF19313D}"
EndProject
Global
	GlobalSection(SolutionConfigurationPlatforms) = preSolution
		Debug|Any CPU = Debug|Any CPU
		Debug|Mixed Platforms = Debug|Mixed Platforms
		Debug|x86 = Debug|x86
		Release|Any CPU = Release|Any CPU
		Release|Mixed Platforms = Release|Mixed Platforms
		Release|x86 = Release|x86
	EndGlobalSection
	GlobalSection(ProjectConfigurationPlatforms) = postSolution
		{FA0CD261-3B44-4A04-B29B-A056E786418D}.Debug|Any CPU.ActiveCfg = Debug|x86
		{FA0CD261-3B44-4A04-B29B-A056E786418D}.Debug|Mixed Platforms.ActiveCfg = Debug|x86
		{FA0CD261-3B44-4A04-B29B-A056E786418D}.Debug|Mixed Platforms.Build.0 = Debug|x86
		{FA0CD261-3B44-4A04-B29B-A056E786418D}.Debug|x86.ActiveCfg = Debug|x86
		{FA0CD261-3B44-4A04-B29B-A056E786418D}.Debug|x86.Build.0 = Debug|x86
		{FA0CD261-3B44-4A04-B29B-A056E786418D}.Release|Any CPU.ActiveCfg = Release|x86
		{FA0CD261-3B44-4A04-B29B-A056E786418D}.Release|Mixed Platforms.ActiveCfg = Release|x86
		{FA0CD261-3B44-4A04-B29B-A056E786418D}.Release|Mixed Platforms.Build.0 = Release|x86
		{FA0CD261-3B44-4A04-B29B-A056E786418D}.Release|x86.ActiveCfg = Release|x86
		{FA0CD261-3B44-4A04-B29B-A056E786418D}.Release|x86.Build.0 = Release|x86
		{18043FEE-14C0-4C69-86FE-41D19000B70A}.Debug|Any CPU.ActiveCfg = Debug|x86
		{18043FEE-14C0-4C69-86FE-41D19000B70A}.Debug|Mixed Platforms.ActiveCfg = Debug|x86
		{18043FEE-14C0-4C69-86FE-41D19000B70A}.Debug|Mixed Platforms.Build.0 = Debug|x86
		{18043FEE-14C0-4C69-86FE-41D19000B70A}.Debug|x86.ActiveCfg = Debug|x86
		{18043FEE-14C0-4C69-86FE-41D19000B70A}.Debug|x86.Build.0 = Debug|x86
		{18043FEE-14C0-4C69-86FE-41D19000B70A}.Release|Any CPU.ActiveCfg = Release|x86
		{18043FEE-14C0-4C69-86FE-41D19000B70A}.Release|Mixed Platforms.ActiveCfg = Release|x86
		{18043FEE-14C0-4C69-86FE-41D19000B70A}.Release|Mixed Platforms.Build.0 = Release|x86
		{18043FEE-14C0-4C69-86FE-41D19000B70A}.Release|x86.ActiveCfg = Release|x86
		{18043FEE-14C0-4C69-86FE-41D19000B70A}.Release|x86.Build.0 = Release|x86
		{9EC053CF-6BC7-42D6-A428-80A52D46389A}.Debug|Any CPU.ActiveCfg = Debug|Any CPU
		{9EC053CF-6BC7-42D6-A428-80A52D46389A}.Debug|Any CPU.Build.0 = Debug|Any CPU
		{9EC053CF-6BC7-42D6-A428-80A52D46389A}.Debug|Mixed Platforms.ActiveCfg = Debug|Any CPU
		{9EC053CF-6BC7-42D6-A428-80A52D46389A}.Debug|Mixed Platforms.Build.0 = Debug|Any CPU
		{9EC053CF-6BC7-42D6-A428-80A52D46389A}.Debug|x86.ActiveCfg = Debug|Any CPU
		{9EC053CF-6BC7-42D6-A428-80A52D46389A}.Release|Any CPU.ActiveCfg = Release|Any CPU
		{9EC053CF-6BC7-42D6-A428-80A52D46389A}.Release|Any CPU.Build.0 = Release|Any CPU
		{9EC053CF-6BC7-42D6-A428-80A52D46389A}.Release|Mixed Platforms.ActiveCfg = Release|Any CPU
		{9EC053CF-6BC7-42D6-A428-80A52D46389A}.Release|Mixed Platforms.Build.0 = Release|Any CPU
		{9EC053CF-6BC7-42D6-A428-80A52D46389A}.Release|x86.ActiveCfg = Release|Any CPU
		{2945BCA0-2301-4261-9F14-950A065B9761}.Debug|Any CPU.ActiveCfg = Debug|x86
		{2945BCA0-2301-4261-9F14-950A065B9761}.Debug|Mixed Platforms.ActiveCfg = Debug|x86
		{2945BCA0-2301-4261-9F14-950A065B9761}.Debug|Mixed Platforms.Build.0 = Debug|x86
		{2945BCA0-2301-4261-9F14-950A065B9761}.Debug|x86.ActiveCfg = Debug|x86
		{2945BCA0-2301-4261-9F14-950A065B9761}.Debug|x86.Build.0 = Debug|x86
		{2945BCA0-2301-4261-9F14-950A065B9761}.Release|Any CPU.ActiveCfg = Release|x86
		{2945BCA0-2301-4261-9F14-950A065B9761}.Release|Mixed Platforms.ActiveCfg = Release|x86
		{2945BCA0-2301-4261-9F14-950A065B9761}.Release|Mixed Platforms.Build.0 = Release|x86
		{2945BCA0-2301-4261-9F14-950A065B9761}.Release|x86.ActiveCfg = Release|x86
		{2945BCA0-2301-4261-9F14-950A065B9761}.Release|x86.Build.0 = Release|x86
	EndGlobalSection
	GlobalSection(SolutionProperties) = preSolution
		HideSolutionNode = FALSE
	EndGlobalSection
	GlobalSection(NestedProjects) = preSolution
		{FA0CD261-3B44-4A04-B29B-A056E786418D} = {D587BC2F-364F-4C48-BEF9-19ABD7A0D75F}
		{18043FEE-14C0-4C69-86FE-41D19000B70A} = {B8249E62-1A17-45B7-9D92-92D068BA0760}
		{9EC053CF-6BC7-42D6-A428-80A52D46389A} = {B0616219-7124-46BE-BAA2-6C1FA88702D8}
		{2945BCA0-2301-4261-9F14-950A065B9761} = {7A4A4D88-7CBA-4144-AE58-E4D8BF19313D}
	EndGlobalSection
EndGlobal
